
Microsoft Visual Studio Solution File, Format Version 9.00
# Visual Studio 2005
Project("{8BC9CEB8-8B4A-11D0-8D11-00A0C91BC942}") = "libccc", "libccc.vcproj", "{127BD217-5778-4484-B3CB-C3B175EE4909}"
EndProject
Project("{8BC9CEB8-8B4A-11D0-8D11-00A0C91BC942}") = "test_any", "test_any.vcproj", "{B1DD7861-CF64-4EA5-9AA3-441D6E74445E}"
EndProject
Project("{8BC9CEB8-8B4A-11D0-8D11-00A0C91BC942}") = "test_atom", "test_atom.vcproj", "{B1DD7861-CF64-4EA5-9AA3-441D6E744450}"
EndProject
Project("{8BC9CEB8-8B4A-11D0-8D11-00A0C91BC942}") = "test_bind", "test_bind.vcproj", "{B1DD7861-CF64-4EA5-9AA3-441D6E744451}"
EndProject
Project("{8BC9CEB8-8B4A-11D0-8D11-00A0C91BC942}") = "test_lock", "test_lock.vcproj", "{B1DD7861-CF64-4EA5-9AA3-441D6E744452}"
EndProject
Project("{8BC9CEB8-8B4A-11D0-8D11-00A0C91BC942}") = "test_messageloop", "test_messageloop.vcproj", "{B1DD7861-CF64-4EA5-9AA3-441D6E744453}"
EndProject
Project("{8BC9CEB8-8B4A-11D0-8D11-00A0C91BC942}") = "test_refptr", "test_refptr.vcproj", "{B1DD7861-CF64-4EA5-9AA3-441D6E744454}"
EndProject
Project("{8BC9CEB8-8B4A-11D0-8D11-00A0C91BC942}") = "test_semaphore", "test_semaphore.vcproj", "{B1DD7861-CF64-4EA5-9AA3-441D6E744455}"
EndProject
Project("{8BC9CEB8-8B4A-11D0-8D11-00A0C91BC942}") = "test_thread", "test_thread.vcproj", "{B1DD7861-CF64-4EA5-9AA3-441D6E744456}"
EndProject
Project("{8BC9CEB8-8B4A-11D0-8D11-00A0C91BC942}") = "test_utiles", "test_utiles.vcproj", "{B1DD7861-CF64-4EA5-9AA3-441D6E744457}"
EndProject
Global
	GlobalSection(SolutionConfigurationPlatforms) = preSolution
		Debug|Win32 = Debug|Win32
		Release|Win32 = Release|Win32
	EndGlobalSection
	GlobalSection(ProjectConfigurationPlatforms) = postSolution
		{127BD217-5778-4484-B3CB-C3B175EE4909}.Debug|Win32.ActiveCfg = Debug|Win32
		{127BD217-5778-4484-B3CB-C3B175EE4909}.Debug|Win32.Build.0 = Debug|Win32
		{127BD217-5778-4484-B3CB-C3B175EE4909}.Release|Win32.ActiveCfg = Release|Win32
		{127BD217-5778-4484-B3CB-C3B175EE4909}.Release|Win32.Build.0 = Release|Win32
		{B1DD7861-CF64-4EA5-9AA3-441D6E74445E}.Debug|Win32.ActiveCfg = Debug|Win32
		{B1DD7861-CF64-4EA5-9AA3-441D6E74445E}.Debug|Win32.Build.0 = Debug|Win32
		{B1DD7861-CF64-4EA5-9AA3-441D6E74445E}.Release|Win32.ActiveCfg = Release|Win32
		{B1DD7861-CF64-4EA5-9AA3-441D6E74445E}.Release|Win32.Build.0 = Release|Win32
		{B1DD7861-CF64-4EA5-9AA3-441D6E744450}.Debug|Win32.ActiveCfg = Debug|Win32
		{B1DD7861-CF64-4EA5-9AA3-441D6E744450}.Debug|Win32.Build.0 = Debug|Win32
		{B1DD7861-CF64-4EA5-9AA3-441D6E744450}.Release|Win32.ActiveCfg = Release|Win32
		{B1DD7861-CF64-4EA5-9AA3-441D6E744450}.Release|Win32.Build.0 = Release|Win32
		{B1DD7861-CF64-4EA5-9AA3-441D6E744451}.Debug|Win32.ActiveCfg = Debug|Win32
		{B1DD7861-CF64-4EA5-9AA3-441D6E744451}.Debug|Win32.Build.0 = Debug|Win32
		{B1DD7861-CF64-4EA5-9AA3-441D6E744451}.Release|Win32.ActiveCfg = Release|Win32
		{B1DD7861-CF64-4EA5-9AA3-441D6E744451}.Release|Win32.Build.0 = Release|Win32
		{B1DD7861-CF64-4EA5-9AA3-441D6E744452}.Debug|Win32.ActiveCfg = Debug|Win32
		{B1DD7861-CF64-4EA5-9AA3-441D6E744452}.Debug|Win32.Build.0 = Debug|Win32
		{B1DD7861-CF64-4EA5-9AA3-441D6E744452}.Release|Win32.ActiveCfg = Release|Win32
		{B1DD7861-CF64-4EA5-9AA3-441D6E744452}.Release|Win32.Build.0 = Release|Win32
		{B1DD7861-CF64-4EA5-9AA3-441D6E744453}.Debug|Win32.ActiveCfg = Debug|Win32
		{B1DD7861-CF64-4EA5-9AA3-441D6E744453}.Debug|Win32.Build.0 = Debug|Win32
		{B1DD7861-CF64-4EA5-9AA3-441D6E744453}.Release|Win32.ActiveCfg = Release|Win32
		{B1DD7861-CF64-4EA5-9AA3-441D6E744453}.Release|Win32.Build.0 = Release|Win32
		{B1DD7861-CF64-4EA5-9AA3-441D6E744454}.Debug|Win32.ActiveCfg = Debug|Win32
		{B1DD7861-CF64-4EA5-9AA3-441D6E744454}.Debug|Win32.Build.0 = Debug|Win32
		{B1DD7861-CF64-4EA5-9AA3-441D6E744454}.Release|Win32.ActiveCfg = Release|Win32
		{B1DD7861-CF64-4EA5-9AA3-441D6E744454}.Release|Win32.Build.0 = Release|Win32
		{B1DD7861-CF64-4EA5-9AA3-441D6E744455}.Debug|Win32.ActiveCfg = Debug|Win32
		{B1DD7861-CF64-4EA5-9AA3-441D6E744455}.Debug|Win32.Build.0 = Debug|Win32
		{B1DD7861-CF64-4EA5-9AA3-441D6E744455}.Release|Win32.ActiveCfg = Release|Win32
		{B1DD7861-CF64-4EA5-9AA3-441D6E744455}.Release|Win32.Build.0 = Release|Win32
		{B1DD7861-CF64-4EA5-9AA3-441D6E744456}.Debug|Win32.ActiveCfg = Debug|Win32
		{B1DD7861-CF64-4EA5-9AA3-441D6E744456}.Debug|Win32.Build.0 = Debug|Win32
		{B1DD7861-CF64-4EA5-9AA3-441D6E744456}.Release|Win32.ActiveCfg = Release|Win32
		{B1DD7861-CF64-4EA5-9AA3-441D6E744456}.Release|Win32.Build.0 = Release|Win32
		{B1DD7861-CF64-4EA5-9AA3-441D6E744457}.Debug|Win32.ActiveCfg = Debug|Win32
		{B1DD7861-CF64-4EA5-9AA3-441D6E744457}.Debug|Win32.Build.0 = Debug|Win32
		{B1DD7861-CF64-4EA5-9AA3-441D6E744457}.Release|Win32.ActiveCfg = Release|Win32
		{B1DD7861-CF64-4EA5-9AA3-441D6E744457}.Release|Win32.Build.0 = Release|Win32
	EndGlobalSection
	GlobalSection(SolutionProperties) = preSolution
		HideSolutionNode = FALSE
	EndGlobalSection
EndGlobal
